{
  "requires": true,
  "lockfileVersion": 1,
  "dependencies": {
    "babel-polyfill": {
      "version": "6.26.0",
      "resolved": "https://registry.npmjs.org/babel-polyfill/-/babel-polyfill-6.26.0.tgz",
      "integrity": "sha1-N5k3q8Z9eJWXCtxiHyhM2WbPIVM=",
      "requires": {
        "babel-runtime": "6.26.0",
        "core-js": "2.5.5",
        "regenerator-runtime": "0.10.5"
      }
    },
    "babel-runtime": {
      "version": "6.26.0",
      "resolved": "https://registry.npmjs.org/babel-runtime/-/babel-runtime-6.26.0.tgz",
      "integrity": "sha1-llxwWGaOgrVde/4E/yM3vItWR/4=",
      "requires": {
        "core-js": "2.5.5",
        "regenerator-runtime": "0.11.1"
      },
      "dependencies": {
        "regenerator-runtime": {
          "version": "0.11.1",
          "resolved": "https://registry.npmjs.org/regenerator-runtime/-/regenerator-runtime-0.11.1.tgz",
          "integrity": "sha512-MguG95oij0fC3QV3URf4V2SDYGJhJnJGqvIIgdECeODCT98wSWDAJ94SSuVpYQUoTcGUIL6L4yNB7j1DFFHSBg=="
        }
      }
    },
    "core-js": {
      "version": "2.5.5",
      "resolved": "https://registry.npmjs.org/core-js/-/core-js-2.5.5.tgz",
      "integrity": "sha1-sU3ek2xkDAV5prUMq8wTLdYSfjs="
    },
    "custom-event-polyfill": {
      "version": "0.3.0",
      "resolved": "https://registry.npmjs.org/custom-event-polyfill/-/custom-event-polyfill-0.3.0.tgz",
      "integrity": "sha1-mYB4Ob5i7bRGtkWDLg2A6tb6GIg="
    },
    "loadjs": {
      "version": "3.5.4",
      "resolved": "https://registry.npmjs.org/loadjs/-/loadjs-3.5.4.tgz",
      "integrity": "sha512-vJO1whnJ/9Cg+Z8tOLVGuIaLiGpCxEd/+R1OgzWJxoJHAfXOfHqJWnsGbst9Q8dQAGVvt4/X8zhCO0EtlnXcRg=="
    },
    "plyr": {
      "version": "3.2.0",
      "resolved": "https://registry.npmjs.org/plyr/-/plyr-3.2.0.tgz",
      "integrity": "sha512-s6++fE168pEVqwz2a01nP4N4TTsNOWJuJw/QhcXsS0nc0KIf95RicuDK2VDEqhRz6yIn9DQqsuT1aYVj35hrVQ==",
      "requires": {
        "babel-polyfill": "6.26.0",
        "custom-event-polyfill": "0.3.0",
        "loadjs": "3.5.4",
        "raven-js": "3.24.2"
      }
    },
    "raven-js": {
      "version": "3.24.2",
      "resolved": "https://registry.npmjs.org/raven-js/-/raven-js-3.24.2.tgz",
      "integrity": "sha512-Dy/FHDxuo5pXywVf8Nrs5utB2juMATpkxWGqHjVbpFD3m8CaWYLvkB5SEXjWFUZ5GvUsrBVVQ+Dfcp0x6Z7SOg=="
    },
    "regenerator-runtime": {
      "version": "0.10.5",
      "resolved": "https://registry.npmjs.org/regenerator-runtime/-/regenerator-runtime-0.10.5.tgz",
      "integrity": "sha1-M2w+/BIgrc7dosn6tntaeVWjNlg="
    }
  }
}
